
Microsoft Visual Studio Solution File, Format Version 12.00
# Visual Studio Version 17
VisualStudioVersion = 17.0.31717.71
MinimumVisualStudioVersion = 10.0.40219.1
Project("{2150E333-8FDC-42A3-9474-1A3956D46DE8}") = "Patterns", "Patterns", "{6851401B-B555-4A8F-9025-BB4D4AD1AD93}"
EndProject
Project("{2150E333-8FDC-42A3-9474-1A3956D46DE8}") = "Creational", "Creational", "{21E37629-B222-44EC-9B66-0E9E7C617914}"
EndProject
Project("{2150E333-8FDC-42A3-9474-1A3956D46DE8}") = "Structural", "Structural", "{098CDC3F-CD4E-4C81-A8AE-9E3A29A4BC7F}"
EndProject
Project("{2150E333-8FDC-42A3-9474-1A3956D46DE8}") = "Behavioral", "Behavioral", "{FA2A78AF-3660-44F4-8CF3-8E454A54D4D0}"
EndProject
Project("{9A19103F-16F7-4668-BE54-9A1E7A4F7556}") = "Singleton", "Patterns\Creational\Singleton\Singleton.csproj", "{9CDA50A4-2CC8-4087-929F-6EFF9C22362C}"
EndProject
Project("{2150E333-8FDC-42A3-9474-1A3956D46DE8}") = "!_Solution Items", "!_Solution Items", "{B87F6FBA-DA4C-4D03-89FB-140BA8CF0DC8}"
	ProjectSection(SolutionItems) = preProject
		README.md = README.md
	EndProjectSection
EndProject
Project("{2150E333-8FDC-42A3-9474-1A3956D46DE8}") = "Tasks", "Tasks", "{03870F84-7763-4EE7-B3AB-F9F5A4F0E27C}"
EndProject
Project("{2150E333-8FDC-42A3-9474-1A3956D46DE8}") = "AwaitAnything", "AwaitAnything", "{15C56027-A8DE-49E4-96A8-0A51931C36B8}"
EndProject
Project("{9A19103F-16F7-4668-BE54-9A1E7A4F7556}") = "AwaitAnything", "Tasks\AwaitAnything\AwaitAnything.csproj", "{D22398E4-26E7-4780-94A8-5635BEAEDAD9}"
EndProject
Project("{2150E333-8FDC-42A3-9474-1A3956D46DE8}") = "Sorting", "Sorting", "{88EB323C-28FC-49D7-A5F7-F1E1C5667A7C}"
EndProject
Project("{9A19103F-16F7-4668-BE54-9A1E7A4F7556}") = "Sorting", "Sorting\Sorting.csproj", "{B953EB4E-9E78-4BE6-8275-15392776472E}"
EndProject
Project("{2150E333-8FDC-42A3-9474-1A3956D46DE8}") = "Data Structures", "Data Structures", "{FE63581C-7AEF-4F96-BCDB-0224AD7FCED2}"
EndProject
Project("{9A19103F-16F7-4668-BE54-9A1E7A4F7556}") = "DataStructures", "Data Structures\DataStructures\DataStructures.csproj", "{93CE7BB1-4D41-4370-931D-C7DEB8715880}"
EndProject
Project("{2150E333-8FDC-42A3-9474-1A3956D46DE8}") = "Trees", "Trees", "{C6EE66D3-84D2-4346-9FAE-56B51B0FD777}"
EndProject
Project("{9A19103F-16F7-4668-BE54-9A1E7A4F7556}") = "Trees", "Trees\Trees.csproj", "{57F2D660-6BB8-441B-84AC-DA87126281D3}"
EndProject
Project("{2150E333-8FDC-42A3-9474-1A3956D46DE8}") = "Leetcode", "Leetcode", "{501E4173-7216-4489-96A3-C1DCE94A2A35}"
EndProject
Project("{9A19103F-16F7-4668-BE54-9A1E7A4F7556}") = "LeetcodeSolutions", "LeetcodeSolutions\LeetcodeSolutions.csproj", "{4CCB1CCD-0203-442C-9882-FC8CFA66E84F}"
EndProject
Project("{2150E333-8FDC-42A3-9474-1A3956D46DE8}") = "Dissecting_Async_Methods", "Dissecting_Async_Methods", "{8D340093-3EA8-4590-8BBF-617698319E7D}"
EndProject
Project("{9A19103F-16F7-4668-BE54-9A1E7A4F7556}") = "DissectingAsyncMethods", "Tasks\DissectingAsyncMethods\DissectingAsyncMethods.csproj", "{37010597-D4D2-4F0A-918F-A3DAD29999AC}"
EndProject
Project("{2150E333-8FDC-42A3-9474-1A3956D46DE8}") = "AwaitingMethods", "AwaitingMethods", "{EF0B56FE-C6BB-4094-A50C-ABE3790D223E}"
EndProject
Project("{9A19103F-16F7-4668-BE54-9A1E7A4F7556}") = "AwaitingMethods", "Tasks\AwaitingMethods\AwaitingMethods.csproj", "{87FB8D07-C763-4EA2-A396-233DF923DCCA}"
EndProject
Project("{9A19103F-16F7-4668-BE54-9A1E7A4F7556}") = "AsyncInternals", "Tasks\AsyncInternals\AsyncInternals.csproj", "{9A1834D0-710F-409D-997A-2F3058EB943B}"
EndProject
Project("{2150E333-8FDC-42A3-9474-1A3956D46DE8}") = "Asynchronous", "Asynchronous", "{C51B561F-3B48-4039-BFD9-4DE6E8EE5AC0}"
EndProject
Project("{9A19103F-16F7-4668-BE54-9A1E7A4F7556}") = "AsynchronousInitialization", "Patterns\Asynchronous\AsynchronousInitialization\AsynchronousInitialization.csproj", "{97A9B606-BE63-4491-9375-3049D27BC1CC}"
EndProject
Project("{2150E333-8FDC-42A3-9474-1A3956D46DE8}") = "Dummy", "Dummy", "{9ED2CAD3-C0BE-4B77-B75C-A74D591A4FDF}"
EndProject
Project("{9A19103F-16F7-4668-BE54-9A1E7A4F7556}") = "Dummy", "Dummy\Dummy\Dummy.csproj", "{024A6B80-8C0B-4239-9CB0-EF998E5CA98B}"
EndProject
Global
	GlobalSection(SolutionConfigurationPlatforms) = preSolution
		Debug|Any CPU = Debug|Any CPU
		Release|Any CPU = Release|Any CPU
	EndGlobalSection
	GlobalSection(ProjectConfigurationPlatforms) = postSolution
		{9CDA50A4-2CC8-4087-929F-6EFF9C22362C}.Debug|Any CPU.ActiveCfg = Debug|Any CPU
		{9CDA50A4-2CC8-4087-929F-6EFF9C22362C}.Debug|Any CPU.Build.0 = Debug|Any CPU
		{9CDA50A4-2CC8-4087-929F-6EFF9C22362C}.Release|Any CPU.ActiveCfg = Release|Any CPU
		{9CDA50A4-2CC8-4087-929F-6EFF9C22362C}.Release|Any CPU.Build.0 = Release|Any CPU
		{D22398E4-26E7-4780-94A8-5635BEAEDAD9}.Debug|Any CPU.ActiveCfg = Debug|Any CPU
		{D22398E4-26E7-4780-94A8-5635BEAEDAD9}.Debug|Any CPU.Build.0 = Debug|Any CPU
		{D22398E4-26E7-4780-94A8-5635BEAEDAD9}.Release|Any CPU.ActiveCfg = Release|Any CPU
		{D22398E4-26E7-4780-94A8-5635BEAEDAD9}.Release|Any CPU.Build.0 = Release|Any CPU
		{B953EB4E-9E78-4BE6-8275-15392776472E}.Debug|Any CPU.ActiveCfg = Debug|Any CPU
		{B953EB4E-9E78-4BE6-8275-15392776472E}.Debug|Any CPU.Build.0 = Debug|Any CPU
		{B953EB4E-9E78-4BE6-8275-15392776472E}.Release|Any CPU.ActiveCfg = Release|Any CPU
		{B953EB4E-9E78-4BE6-8275-15392776472E}.Release|Any CPU.Build.0 = Release|Any CPU
		{93CE7BB1-4D41-4370-931D-C7DEB8715880}.Debug|Any CPU.ActiveCfg = Debug|Any CPU
		{93CE7BB1-4D41-4370-931D-C7DEB8715880}.Debug|Any CPU.Build.0 = Debug|Any CPU
		{93CE7BB1-4D41-4370-931D-C7DEB8715880}.Release|Any CPU.ActiveCfg = Release|Any CPU
		{93CE7BB1-4D41-4370-931D-C7DEB8715880}.Release|Any CPU.Build.0 = Release|Any CPU
		{57F2D660-6BB8-441B-84AC-DA87126281D3}.Debug|Any CPU.ActiveCfg = Debug|Any CPU
		{57F2D660-6BB8-441B-84AC-DA87126281D3}.Debug|Any CPU.Build.0 = Debug|Any CPU
		{57F2D660-6BB8-441B-84AC-DA87126281D3}.Release|Any CPU.ActiveCfg = Release|Any CPU
		{57F2D660-6BB8-441B-84AC-DA87126281D3}.Release|Any CPU.Build.0 = Release|Any CPU
		{4CCB1CCD-0203-442C-9882-FC8CFA66E84F}.Debug|Any CPU.ActiveCfg = Debug|Any CPU
		{4CCB1CCD-0203-442C-9882-FC8CFA66E84F}.Debug|Any CPU.Build.0 = Debug|Any CPU
		{4CCB1CCD-0203-442C-9882-FC8CFA66E84F}.Release|Any CPU.ActiveCfg = Release|Any CPU
		{4CCB1CCD-0203-442C-9882-FC8CFA66E84F}.Release|Any CPU.Build.0 = Release|Any CPU
		{37010597-D4D2-4F0A-918F-A3DAD29999AC}.Debug|Any CPU.ActiveCfg = Debug|Any CPU
		{37010597-D4D2-4F0A-918F-A3DAD29999AC}.Debug|Any CPU.Build.0 = Debug|Any CPU
		{37010597-D4D2-4F0A-918F-A3DAD29999AC}.Release|Any CPU.ActiveCfg = Release|Any CPU
		{37010597-D4D2-4F0A-918F-A3DAD29999AC}.Release|Any CPU.Build.0 = Release|Any CPU
		{87FB8D07-C763-4EA2-A396-233DF923DCCA}.Debug|Any CPU.ActiveCfg = Debug|Any CPU
		{87FB8D07-C763-4EA2-A396-233DF923DCCA}.Debug|Any CPU.Build.0 = Debug|Any CPU
		{87FB8D07-C763-4EA2-A396-233DF923DCCA}.Release|Any CPU.ActiveCfg = Release|Any CPU
		{87FB8D07-C763-4EA2-A396-233DF923DCCA}.Release|Any CPU.Build.0 = Release|Any CPU
		{9A1834D0-710F-409D-997A-2F3058EB943B}.Debug|Any CPU.ActiveCfg = Debug|Any CPU
		{9A1834D0-710F-409D-997A-2F3058EB943B}.Debug|Any CPU.Build.0 = Debug|Any CPU
		{9A1834D0-710F-409D-997A-2F3058EB943B}.Release|Any CPU.ActiveCfg = Release|Any CPU
		{9A1834D0-710F-409D-997A-2F3058EB943B}.Release|Any CPU.Build.0 = Release|Any CPU
		{97A9B606-BE63-4491-9375-3049D27BC1CC}.Debug|Any CPU.ActiveCfg = Debug|Any CPU
		{97A9B606-BE63-4491-9375-3049D27BC1CC}.Debug|Any CPU.Build.0 = Debug|Any CPU
		{97A9B606-BE63-4491-9375-3049D27BC1CC}.Release|Any CPU.ActiveCfg = Release|Any CPU
		{97A9B606-BE63-4491-9375-3049D27BC1CC}.Release|Any CPU.Build.0 = Release|Any CPU
		{024A6B80-8C0B-4239-9CB0-EF998E5CA98B}.Debug|Any CPU.ActiveCfg = Debug|Any CPU
		{024A6B80-8C0B-4239-9CB0-EF998E5CA98B}.Debug|Any CPU.Build.0 = Debug|Any CPU
		{024A6B80-8C0B-4239-9CB0-EF998E5CA98B}.Release|Any CPU.ActiveCfg = Release|Any CPU
		{024A6B80-8C0B-4239-9CB0-EF998E5CA98B}.Release|Any CPU.Build.0 = Release|Any CPU
	EndGlobalSection
	GlobalSection(SolutionProperties) = preSolution
		HideSolutionNode = FALSE
	EndGlobalSection
	GlobalSection(NestedProjects) = preSolution
		{21E37629-B222-44EC-9B66-0E9E7C617914} = {6851401B-B555-4A8F-9025-BB4D4AD1AD93}
		{098CDC3F-CD4E-4C81-A8AE-9E3A29A4BC7F} = {6851401B-B555-4A8F-9025-BB4D4AD1AD93}
		{FA2A78AF-3660-44F4-8CF3-8E454A54D4D0} = {6851401B-B555-4A8F-9025-BB4D4AD1AD93}
		{9CDA50A4-2CC8-4087-929F-6EFF9C22362C} = {21E37629-B222-44EC-9B66-0E9E7C617914}
		{15C56027-A8DE-49E4-96A8-0A51931C36B8} = {03870F84-7763-4EE7-B3AB-F9F5A4F0E27C}
		{D22398E4-26E7-4780-94A8-5635BEAEDAD9} = {15C56027-A8DE-49E4-96A8-0A51931C36B8}
		{B953EB4E-9E78-4BE6-8275-15392776472E} = {88EB323C-28FC-49D7-A5F7-F1E1C5667A7C}
		{93CE7BB1-4D41-4370-931D-C7DEB8715880} = {FE63581C-7AEF-4F96-BCDB-0224AD7FCED2}
		{57F2D660-6BB8-441B-84AC-DA87126281D3} = {C6EE66D3-84D2-4346-9FAE-56B51B0FD777}
		{4CCB1CCD-0203-442C-9882-FC8CFA66E84F} = {501E4173-7216-4489-96A3-C1DCE94A2A35}
		{8D340093-3EA8-4590-8BBF-617698319E7D} = {03870F84-7763-4EE7-B3AB-F9F5A4F0E27C}
		{37010597-D4D2-4F0A-918F-A3DAD29999AC} = {8D340093-3EA8-4590-8BBF-617698319E7D}
		{EF0B56FE-C6BB-4094-A50C-ABE3790D223E} = {03870F84-7763-4EE7-B3AB-F9F5A4F0E27C}
		{87FB8D07-C763-4EA2-A396-233DF923DCCA} = {EF0B56FE-C6BB-4094-A50C-ABE3790D223E}
		{9A1834D0-710F-409D-997A-2F3058EB943B} = {03870F84-7763-4EE7-B3AB-F9F5A4F0E27C}
		{C51B561F-3B48-4039-BFD9-4DE6E8EE5AC0} = {6851401B-B555-4A8F-9025-BB4D4AD1AD93}
		{97A9B606-BE63-4491-9375-3049D27BC1CC} = {C51B561F-3B48-4039-BFD9-4DE6E8EE5AC0}
		{024A6B80-8C0B-4239-9CB0-EF998E5CA98B} = {9ED2CAD3-C0BE-4B77-B75C-A74D591A4FDF}
	EndGlobalSection
	GlobalSection(ExtensibilityGlobals) = postSolution
		SolutionGuid = {2D7423F2-B02B-46B6-85C3-E08C49ED50C5}
	EndGlobalSection
EndGlobal
