
Microsoft Visual Studio Solution File, Format Version 12.00
# Visual Studio Version 16
VisualStudioVersion = 16.0.31105.61
MinimumVisualStudioVersion = 10.0.40219.1
Project("{2150E333-8FDC-42A3-9474-1A3956D46DE8}") = "Patterns", "Patterns", "{6851401B-B555-4A8F-9025-BB4D4AD1AD93}"
EndProject
Project("{2150E333-8FDC-42A3-9474-1A3956D46DE8}") = "Creational", "Creational", "{21E37629-B222-44EC-9B66-0E9E7C617914}"
EndProject
Project("{2150E333-8FDC-42A3-9474-1A3956D46DE8}") = "Structural", "Structural", "{098CDC3F-CD4E-4C81-A8AE-9E3A29A4BC7F}"
EndProject
Project("{2150E333-8FDC-42A3-9474-1A3956D46DE8}") = "Behavioral", "Behavioral", "{FA2A78AF-3660-44F4-8CF3-8E454A54D4D0}"
EndProject
Project("{9A19103F-16F7-4668-BE54-9A1E7A4F7556}") = "Singleton", "Patterns\Creational\Singleton\Singleton.csproj", "{9CDA50A4-2CC8-4087-929F-6EFF9C22362C}"
EndProject
Project("{2150E333-8FDC-42A3-9474-1A3956D46DE8}") = "!_Solution Items", "!_Solution Items", "{B87F6FBA-DA4C-4D03-89FB-140BA8CF0DC8}"
	ProjectSection(SolutionItems) = preProject
		README.md = README.md
	EndProjectSection
EndProject
Project("{2150E333-8FDC-42A3-9474-1A3956D46DE8}") = "Tasks", "Tasks", "{03870F84-7763-4EE7-B3AB-F9F5A4F0E27C}"
EndProject
Project("{2150E333-8FDC-42A3-9474-1A3956D46DE8}") = "AwaitAnything", "AwaitAnything", "{15C56027-A8DE-49E4-96A8-0A51931C36B8}"
EndProject
Project("{9A19103F-16F7-4668-BE54-9A1E7A4F7556}") = "AwaitAnything", "Tasks\AwaitAnything\AwaitAnything.csproj", "{D22398E4-26E7-4780-94A8-5635BEAEDAD9}"
EndProject
Project("{2150E333-8FDC-42A3-9474-1A3956D46DE8}") = "Sorting", "Sorting", "{88EB323C-28FC-49D7-A5F7-F1E1C5667A7C}"
EndProject
Project("{9A19103F-16F7-4668-BE54-9A1E7A4F7556}") = "Sorting", "Sorting\Sorting.csproj", "{B953EB4E-9E78-4BE6-8275-15392776472E}"
EndProject
Project("{2150E333-8FDC-42A3-9474-1A3956D46DE8}") = "Data Structures", "Data Structures", "{FE63581C-7AEF-4F96-BCDB-0224AD7FCED2}"
EndProject
Project("{9A19103F-16F7-4668-BE54-9A1E7A4F7556}") = "DataStructures", "Data Structures\DataStructures\DataStructures.csproj", "{93CE7BB1-4D41-4370-931D-C7DEB8715880}"
EndProject
Project("{2150E333-8FDC-42A3-9474-1A3956D46DE8}") = "Trees", "Trees", "{C6EE66D3-84D2-4346-9FAE-56B51B0FD777}"
EndProject
Project("{9A19103F-16F7-4668-BE54-9A1E7A4F7556}") = "Trees", "Trees\Trees.csproj", "{57F2D660-6BB8-441B-84AC-DA87126281D3}"
EndProject
Project("{2150E333-8FDC-42A3-9474-1A3956D46DE8}") = "Leetcode", "Leetcode", "{501E4173-7216-4489-96A3-C1DCE94A2A35}"
EndProject
Project("{9A19103F-16F7-4668-BE54-9A1E7A4F7556}") = "LinkedListSum", "Leetcode\LinkedListSum\LinkedListSum.csproj", "{0FA322D6-3BAB-4EDF-8AA8-D9D1A6AA859C}"
EndProject
Project("{9A19103F-16F7-4668-BE54-9A1E7A4F7556}") = "MaxConsecutiveOnes", "Leetcode\MaxConsecutiveOnes\MaxConsecutiveOnes.csproj", "{CEFFC61B-B1D1-415A-8BAB-ECD45BCD2CDE}"
EndProject
Project("{9A19103F-16F7-4668-BE54-9A1E7A4F7556}") = "PascalTriangle", "Leetcode\PascalTriangle\PascalTriangle.csproj", "{2FE98F56-2CA4-41BB-BFBF-70F7A070236E}"
EndProject
Project("{9A19103F-16F7-4668-BE54-9A1E7A4F7556}") = "ContainerWithMostWater", "Leetcode\ContainerWithMostWater\ContainerWithMostWater.csproj", "{ADE34EDE-D041-4791-A1A7-1BA78D9C79BC}"
EndProject
Project("{9A19103F-16F7-4668-BE54-9A1E7A4F7556}") = "ZigZagConversion", "Leetcode\ZigZagConversion\ZigZagConversion.csproj", "{765434F0-0183-472D-940E-43702D82CC5C}"
EndProject
Project("{9A19103F-16F7-4668-BE54-9A1E7A4F7556}") = "LeetcodeSolutions", "LeetcodeSolutions\LeetcodeSolutions.csproj", "{4CCB1CCD-0203-442C-9882-FC8CFA66E84F}"
EndProject
Global
	GlobalSection(SolutionConfigurationPlatforms) = preSolution
		Debug|Any CPU = Debug|Any CPU
		Release|Any CPU = Release|Any CPU
	EndGlobalSection
	GlobalSection(ProjectConfigurationPlatforms) = postSolution
		{9CDA50A4-2CC8-4087-929F-6EFF9C22362C}.Debug|Any CPU.ActiveCfg = Debug|Any CPU
		{9CDA50A4-2CC8-4087-929F-6EFF9C22362C}.Debug|Any CPU.Build.0 = Debug|Any CPU
		{9CDA50A4-2CC8-4087-929F-6EFF9C22362C}.Release|Any CPU.ActiveCfg = Release|Any CPU
		{9CDA50A4-2CC8-4087-929F-6EFF9C22362C}.Release|Any CPU.Build.0 = Release|Any CPU
		{D22398E4-26E7-4780-94A8-5635BEAEDAD9}.Debug|Any CPU.ActiveCfg = Debug|Any CPU
		{D22398E4-26E7-4780-94A8-5635BEAEDAD9}.Debug|Any CPU.Build.0 = Debug|Any CPU
		{D22398E4-26E7-4780-94A8-5635BEAEDAD9}.Release|Any CPU.ActiveCfg = Release|Any CPU
		{D22398E4-26E7-4780-94A8-5635BEAEDAD9}.Release|Any CPU.Build.0 = Release|Any CPU
		{B953EB4E-9E78-4BE6-8275-15392776472E}.Debug|Any CPU.ActiveCfg = Debug|Any CPU
		{B953EB4E-9E78-4BE6-8275-15392776472E}.Debug|Any CPU.Build.0 = Debug|Any CPU
		{B953EB4E-9E78-4BE6-8275-15392776472E}.Release|Any CPU.ActiveCfg = Release|Any CPU
		{B953EB4E-9E78-4BE6-8275-15392776472E}.Release|Any CPU.Build.0 = Release|Any CPU
		{93CE7BB1-4D41-4370-931D-C7DEB8715880}.Debug|Any CPU.ActiveCfg = Debug|Any CPU
		{93CE7BB1-4D41-4370-931D-C7DEB8715880}.Debug|Any CPU.Build.0 = Debug|Any CPU
		{93CE7BB1-4D41-4370-931D-C7DEB8715880}.Release|Any CPU.ActiveCfg = Release|Any CPU
		{93CE7BB1-4D41-4370-931D-C7DEB8715880}.Release|Any CPU.Build.0 = Release|Any CPU
		{57F2D660-6BB8-441B-84AC-DA87126281D3}.Debug|Any CPU.ActiveCfg = Debug|Any CPU
		{57F2D660-6BB8-441B-84AC-DA87126281D3}.Debug|Any CPU.Build.0 = Debug|Any CPU
		{57F2D660-6BB8-441B-84AC-DA87126281D3}.Release|Any CPU.ActiveCfg = Release|Any CPU
		{57F2D660-6BB8-441B-84AC-DA87126281D3}.Release|Any CPU.Build.0 = Release|Any CPU
		{0FA322D6-3BAB-4EDF-8AA8-D9D1A6AA859C}.Debug|Any CPU.ActiveCfg = Debug|Any CPU
		{0FA322D6-3BAB-4EDF-8AA8-D9D1A6AA859C}.Debug|Any CPU.Build.0 = Debug|Any CPU
		{0FA322D6-3BAB-4EDF-8AA8-D9D1A6AA859C}.Release|Any CPU.ActiveCfg = Release|Any CPU
		{0FA322D6-3BAB-4EDF-8AA8-D9D1A6AA859C}.Release|Any CPU.Build.0 = Release|Any CPU
		{CEFFC61B-B1D1-415A-8BAB-ECD45BCD2CDE}.Debug|Any CPU.ActiveCfg = Debug|Any CPU
		{CEFFC61B-B1D1-415A-8BAB-ECD45BCD2CDE}.Debug|Any CPU.Build.0 = Debug|Any CPU
		{CEFFC61B-B1D1-415A-8BAB-ECD45BCD2CDE}.Release|Any CPU.ActiveCfg = Release|Any CPU
		{CEFFC61B-B1D1-415A-8BAB-ECD45BCD2CDE}.Release|Any CPU.Build.0 = Release|Any CPU
		{2FE98F56-2CA4-41BB-BFBF-70F7A070236E}.Debug|Any CPU.ActiveCfg = Debug|Any CPU
		{2FE98F56-2CA4-41BB-BFBF-70F7A070236E}.Debug|Any CPU.Build.0 = Debug|Any CPU
		{2FE98F56-2CA4-41BB-BFBF-70F7A070236E}.Release|Any CPU.ActiveCfg = Release|Any CPU
		{2FE98F56-2CA4-41BB-BFBF-70F7A070236E}.Release|Any CPU.Build.0 = Release|Any CPU
		{ADE34EDE-D041-4791-A1A7-1BA78D9C79BC}.Debug|Any CPU.ActiveCfg = Debug|Any CPU
		{ADE34EDE-D041-4791-A1A7-1BA78D9C79BC}.Debug|Any CPU.Build.0 = Debug|Any CPU
		{ADE34EDE-D041-4791-A1A7-1BA78D9C79BC}.Release|Any CPU.ActiveCfg = Release|Any CPU
		{ADE34EDE-D041-4791-A1A7-1BA78D9C79BC}.Release|Any CPU.Build.0 = Release|Any CPU
		{765434F0-0183-472D-940E-43702D82CC5C}.Debug|Any CPU.ActiveCfg = Debug|Any CPU
		{765434F0-0183-472D-940E-43702D82CC5C}.Debug|Any CPU.Build.0 = Debug|Any CPU
		{765434F0-0183-472D-940E-43702D82CC5C}.Release|Any CPU.ActiveCfg = Release|Any CPU
		{765434F0-0183-472D-940E-43702D82CC5C}.Release|Any CPU.Build.0 = Release|Any CPU
		{4CCB1CCD-0203-442C-9882-FC8CFA66E84F}.Debug|Any CPU.ActiveCfg = Debug|Any CPU
		{4CCB1CCD-0203-442C-9882-FC8CFA66E84F}.Debug|Any CPU.Build.0 = Debug|Any CPU
		{4CCB1CCD-0203-442C-9882-FC8CFA66E84F}.Release|Any CPU.ActiveCfg = Release|Any CPU
		{4CCB1CCD-0203-442C-9882-FC8CFA66E84F}.Release|Any CPU.Build.0 = Release|Any CPU
	EndGlobalSection
	GlobalSection(SolutionProperties) = preSolution
		HideSolutionNode = FALSE
	EndGlobalSection
	GlobalSection(NestedProjects) = preSolution
		{21E37629-B222-44EC-9B66-0E9E7C617914} = {6851401B-B555-4A8F-9025-BB4D4AD1AD93}
		{098CDC3F-CD4E-4C81-A8AE-9E3A29A4BC7F} = {6851401B-B555-4A8F-9025-BB4D4AD1AD93}
		{FA2A78AF-3660-44F4-8CF3-8E454A54D4D0} = {6851401B-B555-4A8F-9025-BB4D4AD1AD93}
		{9CDA50A4-2CC8-4087-929F-6EFF9C22362C} = {21E37629-B222-44EC-9B66-0E9E7C617914}
		{15C56027-A8DE-49E4-96A8-0A51931C36B8} = {03870F84-7763-4EE7-B3AB-F9F5A4F0E27C}
		{D22398E4-26E7-4780-94A8-5635BEAEDAD9} = {15C56027-A8DE-49E4-96A8-0A51931C36B8}
		{B953EB4E-9E78-4BE6-8275-15392776472E} = {88EB323C-28FC-49D7-A5F7-F1E1C5667A7C}
		{93CE7BB1-4D41-4370-931D-C7DEB8715880} = {FE63581C-7AEF-4F96-BCDB-0224AD7FCED2}
		{57F2D660-6BB8-441B-84AC-DA87126281D3} = {C6EE66D3-84D2-4346-9FAE-56B51B0FD777}
		{0FA322D6-3BAB-4EDF-8AA8-D9D1A6AA859C} = {501E4173-7216-4489-96A3-C1DCE94A2A35}
		{CEFFC61B-B1D1-415A-8BAB-ECD45BCD2CDE} = {501E4173-7216-4489-96A3-C1DCE94A2A35}
		{2FE98F56-2CA4-41BB-BFBF-70F7A070236E} = {501E4173-7216-4489-96A3-C1DCE94A2A35}
		{ADE34EDE-D041-4791-A1A7-1BA78D9C79BC} = {501E4173-7216-4489-96A3-C1DCE94A2A35}
		{765434F0-0183-472D-940E-43702D82CC5C} = {501E4173-7216-4489-96A3-C1DCE94A2A35}
		{4CCB1CCD-0203-442C-9882-FC8CFA66E84F} = {501E4173-7216-4489-96A3-C1DCE94A2A35}
	EndGlobalSection
	GlobalSection(ExtensibilityGlobals) = postSolution
		SolutionGuid = {2D7423F2-B02B-46B6-85C3-E08C49ED50C5}
	EndGlobalSection
EndGlobal
